
Microsoft Visual Studio Solution File, Format Version 12.00
# Visual Studio 15
VisualStudioVersion = 15.0.28307.1267
MinimumVisualStudioVersion = 10.0.40219.1
Project("{FAE04EC0-301F-11D3-BF4B-00C04F79EFBC}") = "MohamedTestouri.Console", "WassimSefi.Console\MohamedTestouri.Console.csproj", "{08543B95-A45B-4017-8DAB-26BC54F51D97}"
EndProject
Project("{FAE04EC0-301F-11D3-BF4B-00C04F79EFBC}") = "MohamedTestouri.Data", "WassimSefi.Data\MohamedTestouri.Data.csproj", "{5F79C19F-03E3-43CD-9A78-4F152C70DC52}"
EndProject
Project("{FAE04EC0-301F-11D3-BF4B-00C04F79EFBC}") = "MohamedTestouri.Domain", "WassimSefi.Domain\MohamedTestouri.Domain.csproj", "{67DF1D70-36AB-432F-BC83-A56DF4F9E885}"
EndProject
Global
	GlobalSection(SolutionConfigurationPlatforms) = preSolution
		Debug|Any CPU = Debug|Any CPU
		Release|Any CPU = Release|Any CPU
	EndGlobalSection
	GlobalSection(ProjectConfigurationPlatforms) = postSolution
		{08543B95-A45B-4017-8DAB-26BC54F51D97}.Debug|Any CPU.ActiveCfg = Debug|Any CPU
		{08543B95-A45B-4017-8DAB-26BC54F51D97}.Debug|Any CPU.Build.0 = Debug|Any CPU
		{08543B95-A45B-4017-8DAB-26BC54F51D97}.Release|Any CPU.ActiveCfg = Release|Any CPU
		{08543B95-A45B-4017-8DAB-26BC54F51D97}.Release|Any CPU.Build.0 = Release|Any CPU
		{5F79C19F-03E3-43CD-9A78-4F152C70DC52}.Debug|Any CPU.ActiveCfg = Debug|Any CPU
		{5F79C19F-03E3-43CD-9A78-4F152C70DC52}.Debug|Any CPU.Build.0 = Debug|Any CPU
		{5F79C19F-03E3-43CD-9A78-4F152C70DC52}.Release|Any CPU.ActiveCfg = Release|Any CPU
		{5F79C19F-03E3-43CD-9A78-4F152C70DC52}.Release|Any CPU.Build.0 = Release|Any CPU
		{67DF1D70-36AB-432F-BC83-A56DF4F9E885}.Debug|Any CPU.ActiveCfg = Debug|Any CPU
		{67DF1D70-36AB-432F-BC83-A56DF4F9E885}.Debug|Any CPU.Build.0 = Debug|Any CPU
		{67DF1D70-36AB-432F-BC83-A56DF4F9E885}.Release|Any CPU.ActiveCfg = Release|Any CPU
		{67DF1D70-36AB-432F-BC83-A56DF4F9E885}.Release|Any CPU.Build.0 = Release|Any CPU
	EndGlobalSection
	GlobalSection(SolutionProperties) = preSolution
		HideSolutionNode = FALSE
	EndGlobalSection
	GlobalSection(ExtensibilityGlobals) = postSolution
		SolutionGuid = {A172D236-B73D-4972-B7A7-B19C4D9DB83C}
	EndGlobalSection
EndGlobal
